// !$*UTF8*$!
{
	archiveVersion = 1;
	classes = {
	};
	objectVersion = 51;
	objects = {

/* Begin PBXBuildFile section */
		3A36E7514D4FF6B37C12D905 /* Pods_SnapShotSample.framework in Frameworks */ = {isa = PBXBuildFile; fileRef = AC8963315971F1D99080B0FA /* Pods_SnapShotSample.framework */; };
		45D3F71ACE6487E9616B0D19 /* Pods_SnapShotSampleTests.framework in Frameworks */ = {isa = PBXBuildFile; fileRef = 86F464E0FC1DDCF8FB9528E2 /* Pods_SnapShotSampleTests.framework */; };
		ACC35EC92348E378006BA9DB /* AppDelegate.swift in Sources */ = {isa = PBXBuildFile; fileRef = ACC35EC82348E378006BA9DB /* AppDelegate.swift */; };
		ACC35ECF2348E37A006BA9DB /* Assets.xcassets in Resources */ = {isa = PBXBuildFile; fileRef = ACC35ECE2348E37A006BA9DB /* Assets.xcassets */; };
		ACC35ED52348E37A006BA9DB /* LaunchScreen.storyboard in Resources */ = {isa = PBXBuildFile; fileRef = ACC35ED32348E37A006BA9DB /* LaunchScreen.storyboard */; };
		ACC35EE02348E37B006BA9DB /* SnapShotSampleTests.swift in Sources */ = {isa = PBXBuildFile; fileRef = ACC35EDF2348E37B006BA9DB /* SnapShotSampleTests.swift */; };
		ACC35EEB2348E37B006BA9DB /* SnapShotSampleUITests.swift in Sources */ = {isa = PBXBuildFile; fileRef = ACC35EEA2348E37B006BA9DB /* SnapShotSampleUITests.swift */; };
		ACC35EFB23497426006BA9DB /* Coordinator.swift in Sources */ = {isa = PBXBuildFile; fileRef = ACC35EFA23497426006BA9DB /* Coordinator.swift */; };
		ACC35EFD23497436006BA9DB /* AppCoordinator.swift in Sources */ = {isa = PBXBuildFile; fileRef = ACC35EFC23497436006BA9DB /* AppCoordinator.swift */; };
		ACC35F02234976D6006BA9DB /* Rx + Utils.swift in Sources */ = {isa = PBXBuildFile; fileRef = ACC35F00234976D5006BA9DB /* Rx + Utils.swift */; };
		ACC35F03234976D6006BA9DB /* UIColor + Extensions.swift in Sources */ = {isa = PBXBuildFile; fileRef = ACC35F01234976D6006BA9DB /* UIColor + Extensions.swift */; };
		ACC35F0623497C48006BA9DB /* FeedViewModel.swift in Sources */ = {isa = PBXBuildFile; fileRef = ACC35F0423497C48006BA9DB /* FeedViewModel.swift */; };
		ACC35F0723497C48006BA9DB /* FeedViewController.swift in Sources */ = {isa = PBXBuildFile; fileRef = ACC35F0523497C48006BA9DB /* FeedViewController.swift */; };
		ACC35F0923497DE3006BA9DB /* UIView+Constraints.swift in Sources */ = {isa = PBXBuildFile; fileRef = ACC35F0823497DE2006BA9DB /* UIView+Constraints.swift */; };
		ACC35F0B23497F05006BA9DB /* LoadingView.swift in Sources */ = {isa = PBXBuildFile; fileRef = ACC35F0A23497F05006BA9DB /* LoadingView.swift */; };
		ACC35F10234982E8006BA9DB /* FeedRepository.swift in Sources */ = {isa = PBXBuildFile; fileRef = ACC35F0E234982E8006BA9DB /* FeedRepository.swift */; };
		ACC35F11234982E8006BA9DB /* FeedRepositoryImpl.swift in Sources */ = {isa = PBXBuildFile; fileRef = ACC35F0F234982E8006BA9DB /* FeedRepositoryImpl.swift */; };
		ACC35F15234982F9006BA9DB /* FeedServiceImpl.swift in Sources */ = {isa = PBXBuildFile; fileRef = ACC35F12234982F8006BA9DB /* FeedServiceImpl.swift */; };
		ACC35F16234982F9006BA9DB /* FeedRouter.swift in Sources */ = {isa = PBXBuildFile; fileRef = ACC35F13234982F8006BA9DB /* FeedRouter.swift */; };
		ACC35F17234982F9006BA9DB /* FeedService.swift in Sources */ = {isa = PBXBuildFile; fileRef = ACC35F14234982F9006BA9DB /* FeedService.swift */; };
		ACC35F1A234A8E94006BA9DB /* GitRepositoty.swift in Sources */ = {isa = PBXBuildFile; fileRef = ACC35F19234A8E94006BA9DB /* GitRepositoty.swift */; };
		ACC35F1C234A9883006BA9DB /* GitRepository.json in Resources */ = {isa = PBXBuildFile; fileRef = ACC35F1B234A9883006BA9DB /* GitRepository.json */; };
		ACC35F1E234AA0D2006BA9DB /* Data+Extensions.swift in Sources */ = {isa = PBXBuildFile; fileRef = ACC35F1D234AA0D2006BA9DB /* Data+Extensions.swift */; };
		ACC35F20234AA17E006BA9DB /* Parser.swift in Sources */ = {isa = PBXBuildFile; fileRef = ACC35F1F234AA17E006BA9DB /* Parser.swift */; };
		ACC35F23234AA436006BA9DB /* RepositoryTableViewCell.swift in Sources */ = {isa = PBXBuildFile; fileRef = ACC35F22234AA436006BA9DB /* RepositoryTableViewCell.swift */; };
		ACC35F25234AA458006BA9DB /* Reusable.swift in Sources */ = {isa = PBXBuildFile; fileRef = ACC35F24234AA458006BA9DB /* Reusable.swift */; };
		ACC35F28234AD059006BA9DB /* Fonts+Extensions.swift in Sources */ = {isa = PBXBuildFile; fileRef = ACC35F27234AD059006BA9DB /* Fonts+Extensions.swift */; };
		ACC35F2A234AD3EB006BA9DB /* RepositoryTableViewCellViewModel.swift in Sources */ = {isa = PBXBuildFile; fileRef = ACC35F29234AD3EB006BA9DB /* RepositoryTableViewCellViewModel.swift */; };
/* End PBXBuildFile section */

/* Begin PBXContainerItemProxy section */
		ACC35EDC2348E37B006BA9DB /* PBXContainerItemProxy */ = {
			isa = PBXContainerItemProxy;
			containerPortal = ACC35EBD2348E378006BA9DB /* Project object */;
			proxyType = 1;
			remoteGlobalIDString = ACC35EC42348E378006BA9DB;
			remoteInfo = SnapShotSample;
		};
		ACC35EE72348E37B006BA9DB /* PBXContainerItemProxy */ = {
			isa = PBXContainerItemProxy;
			containerPortal = ACC35EBD2348E378006BA9DB /* Project object */;
			proxyType = 1;
			remoteGlobalIDString = ACC35EC42348E378006BA9DB;
			remoteInfo = SnapShotSample;
		};
/* End PBXContainerItemProxy section */

/* Begin PBXFileReference section */
		4B9CC852823852A4E95C4822 /* Pods-SnapShotSampleTests.release.xcconfig */ = {isa = PBXFileReference; includeInIndex = 1; lastKnownFileType = text.xcconfig; name = "Pods-SnapShotSampleTests.release.xcconfig"; path = "Target Support Files/Pods-SnapShotSampleTests/Pods-SnapShotSampleTests.release.xcconfig"; sourceTree = "<group>"; };
		86F464E0FC1DDCF8FB9528E2 /* Pods_SnapShotSampleTests.framework */ = {isa = PBXFileReference; explicitFileType = wrapper.framework; includeInIndex = 0; path = Pods_SnapShotSampleTests.framework; sourceTree = BUILT_PRODUCTS_DIR; };
		9B6AA8A372119CB8F99DAEF3 /* Pods-SnapShotSampleTests.debug.xcconfig */ = {isa = PBXFileReference; includeInIndex = 1; lastKnownFileType = text.xcconfig; name = "Pods-SnapShotSampleTests.debug.xcconfig"; path = "Target Support Files/Pods-SnapShotSampleTests/Pods-SnapShotSampleTests.debug.xcconfig"; sourceTree = "<group>"; };
		AC8963315971F1D99080B0FA /* Pods_SnapShotSample.framework */ = {isa = PBXFileReference; explicitFileType = wrapper.framework; includeInIndex = 0; path = Pods_SnapShotSample.framework; sourceTree = BUILT_PRODUCTS_DIR; };
		ACC35EC52348E378006BA9DB /* SnapShotSample.app */ = {isa = PBXFileReference; explicitFileType = wrapper.application; includeInIndex = 0; path = SnapShotSample.app; sourceTree = BUILT_PRODUCTS_DIR; };
		ACC35EC82348E378006BA9DB /* AppDelegate.swift */ = {isa = PBXFileReference; lastKnownFileType = sourcecode.swift; path = AppDelegate.swift; sourceTree = "<group>"; };
		ACC35ECE2348E37A006BA9DB /* Assets.xcassets */ = {isa = PBXFileReference; lastKnownFileType = folder.assetcatalog; path = Assets.xcassets; sourceTree = "<group>"; };
		ACC35ED42348E37A006BA9DB /* Base */ = {isa = PBXFileReference; lastKnownFileType = file.storyboard; name = Base; path = Base.lproj/LaunchScreen.storyboard; sourceTree = "<group>"; };
		ACC35ED62348E37A006BA9DB /* Info.plist */ = {isa = PBXFileReference; lastKnownFileType = text.plist.xml; path = Info.plist; sourceTree = "<group>"; };
		ACC35EDB2348E37B006BA9DB /* SnapShotSampleTests.xctest */ = {isa = PBXFileReference; explicitFileType = wrapper.cfbundle; includeInIndex = 0; path = SnapShotSampleTests.xctest; sourceTree = BUILT_PRODUCTS_DIR; };
		ACC35EDF2348E37B006BA9DB /* SnapShotSampleTests.swift */ = {isa = PBXFileReference; lastKnownFileType = sourcecode.swift; path = SnapShotSampleTests.swift; sourceTree = "<group>"; };
		ACC35EE12348E37B006BA9DB /* Info.plist */ = {isa = PBXFileReference; lastKnownFileType = text.plist.xml; path = Info.plist; sourceTree = "<group>"; };
		ACC35EE62348E37B006BA9DB /* SnapShotSampleUITests.xctest */ = {isa = PBXFileReference; explicitFileType = wrapper.cfbundle; includeInIndex = 0; path = SnapShotSampleUITests.xctest; sourceTree = BUILT_PRODUCTS_DIR; };
		ACC35EEA2348E37B006BA9DB /* SnapShotSampleUITests.swift */ = {isa = PBXFileReference; lastKnownFileType = sourcecode.swift; path = SnapShotSampleUITests.swift; sourceTree = "<group>"; };
		ACC35EEC2348E37B006BA9DB /* Info.plist */ = {isa = PBXFileReference; lastKnownFileType = text.plist.xml; path = Info.plist; sourceTree = "<group>"; };
		ACC35EFA23497426006BA9DB /* Coordinator.swift */ = {isa = PBXFileReference; lastKnownFileType = sourcecode.swift; path = Coordinator.swift; sourceTree = "<group>"; };
		ACC35EFC23497436006BA9DB /* AppCoordinator.swift */ = {isa = PBXFileReference; lastKnownFileType = sourcecode.swift; path = AppCoordinator.swift; sourceTree = "<group>"; };
		ACC35F00234976D5006BA9DB /* Rx + Utils.swift */ = {isa = PBXFileReference; fileEncoding = 4; lastKnownFileType = sourcecode.swift; path = "Rx + Utils.swift"; sourceTree = "<group>"; };
		ACC35F01234976D6006BA9DB /* UIColor + Extensions.swift */ = {isa = PBXFileReference; fileEncoding = 4; lastKnownFileType = sourcecode.swift; path = "UIColor + Extensions.swift"; sourceTree = "<group>"; };
		ACC35F0423497C48006BA9DB /* FeedViewModel.swift */ = {isa = PBXFileReference; fileEncoding = 4; lastKnownFileType = sourcecode.swift; path = FeedViewModel.swift; sourceTree = "<group>"; };
		ACC35F0523497C48006BA9DB /* FeedViewController.swift */ = {isa = PBXFileReference; fileEncoding = 4; lastKnownFileType = sourcecode.swift; path = FeedViewController.swift; sourceTree = "<group>"; };
		ACC35F0823497DE2006BA9DB /* UIView+Constraints.swift */ = {isa = PBXFileReference; fileEncoding = 4; lastKnownFileType = sourcecode.swift; path = "UIView+Constraints.swift"; sourceTree = "<group>"; };
		ACC35F0A23497F05006BA9DB /* LoadingView.swift */ = {isa = PBXFileReference; lastKnownFileType = sourcecode.swift; path = LoadingView.swift; sourceTree = "<group>"; };
		ACC35F0E234982E8006BA9DB /* FeedRepository.swift */ = {isa = PBXFileReference; fileEncoding = 4; lastKnownFileType = sourcecode.swift; path = FeedRepository.swift; sourceTree = "<group>"; };
		ACC35F0F234982E8006BA9DB /* FeedRepositoryImpl.swift */ = {isa = PBXFileReference; fileEncoding = 4; lastKnownFileType = sourcecode.swift; path = FeedRepositoryImpl.swift; sourceTree = "<group>"; };
		ACC35F12234982F8006BA9DB /* FeedServiceImpl.swift */ = {isa = PBXFileReference; fileEncoding = 4; lastKnownFileType = sourcecode.swift; path = FeedServiceImpl.swift; sourceTree = "<group>"; };
		ACC35F13234982F8006BA9DB /* FeedRouter.swift */ = {isa = PBXFileReference; fileEncoding = 4; lastKnownFileType = sourcecode.swift; path = FeedRouter.swift; sourceTree = "<group>"; };
		ACC35F14234982F9006BA9DB /* FeedService.swift */ = {isa = PBXFileReference; fileEncoding = 4; lastKnownFileType = sourcecode.swift; path = FeedService.swift; sourceTree = "<group>"; };
		ACC35F19234A8E94006BA9DB /* GitRepositoty.swift */ = {isa = PBXFileReference; lastKnownFileType = sourcecode.swift; path = GitRepositoty.swift; sourceTree = "<group>"; };
		ACC35F1B234A9883006BA9DB /* GitRepository.json */ = {isa = PBXFileReference; lastKnownFileType = text.json; path = GitRepository.json; sourceTree = "<group>"; };
		ACC35F1D234AA0D2006BA9DB /* Data+Extensions.swift */ = {isa = PBXFileReference; lastKnownFileType = sourcecode.swift; path = "Data+Extensions.swift"; sourceTree = "<group>"; };
		ACC35F1F234AA17E006BA9DB /* Parser.swift */ = {isa = PBXFileReference; lastKnownFileType = sourcecode.swift; path = Parser.swift; sourceTree = "<group>"; };
		ACC35F22234AA436006BA9DB /* RepositoryTableViewCell.swift */ = {isa = PBXFileReference; lastKnownFileType = sourcecode.swift; path = RepositoryTableViewCell.swift; sourceTree = "<group>"; };
		ACC35F24234AA458006BA9DB /* Reusable.swift */ = {isa = PBXFileReference; lastKnownFileType = sourcecode.swift; path = Reusable.swift; sourceTree = "<group>"; };
		ACC35F27234AD059006BA9DB /* Fonts+Extensions.swift */ = {isa = PBXFileReference; lastKnownFileType = sourcecode.swift; path = "Fonts+Extensions.swift"; sourceTree = "<group>"; };
		ACC35F29234AD3EB006BA9DB /* RepositoryTableViewCellViewModel.swift */ = {isa = PBXFileReference; lastKnownFileType = sourcecode.swift; path = RepositoryTableViewCellViewModel.swift; sourceTree = "<group>"; };
		B2461493B410A96E32094197 /* Pods-SnapShotSample.release.xcconfig */ = {isa = PBXFileReference; includeInIndex = 1; lastKnownFileType = text.xcconfig; name = "Pods-SnapShotSample.release.xcconfig"; path = "Target Support Files/Pods-SnapShotSample/Pods-SnapShotSample.release.xcconfig"; sourceTree = "<group>"; };
		BC4968CB0C264E502A0A3678 /* Pods-SnapShotSample.debug.xcconfig */ = {isa = PBXFileReference; includeInIndex = 1; lastKnownFileType = text.xcconfig; name = "Pods-SnapShotSample.debug.xcconfig"; path = "Target Support Files/Pods-SnapShotSample/Pods-SnapShotSample.debug.xcconfig"; sourceTree = "<group>"; };
/* End PBXFileReference section */

/* Begin PBXFrameworksBuildPhase section */
		ACC35EC22348E378006BA9DB /* Frameworks */ = {
			isa = PBXFrameworksBuildPhase;
			buildActionMask = 2147483647;
			files = (
				3A36E7514D4FF6B37C12D905 /* Pods_SnapShotSample.framework in Frameworks */,
			);
			runOnlyForDeploymentPostprocessing = 0;
		};
		ACC35ED82348E37B006BA9DB /* Frameworks */ = {
			isa = PBXFrameworksBuildPhase;
			buildActionMask = 2147483647;
			files = (
				45D3F71ACE6487E9616B0D19 /* Pods_SnapShotSampleTests.framework in Frameworks */,
			);
			runOnlyForDeploymentPostprocessing = 0;
		};
		ACC35EE32348E37B006BA9DB /* Frameworks */ = {
			isa = PBXFrameworksBuildPhase;
			buildActionMask = 2147483647;
			files = (
			);
			runOnlyForDeploymentPostprocessing = 0;
		};
/* End PBXFrameworksBuildPhase section */

/* Begin PBXGroup section */
		94D6AC3306FBE82E0910FFF1 /* Frameworks */ = {
			isa = PBXGroup;
			children = (
				AC8963315971F1D99080B0FA /* Pods_SnapShotSample.framework */,
				86F464E0FC1DDCF8FB9528E2 /* Pods_SnapShotSampleTests.framework */,
			);
			name = Frameworks;
			sourceTree = "<group>";
		};
		ACC35EBC2348E378006BA9DB = {
			isa = PBXGroup;
			children = (
				ACC35EC72348E378006BA9DB /* SnapShotSample */,
				ACC35EDE2348E37B006BA9DB /* SnapShotSampleTests */,
				ACC35EE92348E37B006BA9DB /* SnapShotSampleUITests */,
				ACC35EC62348E378006BA9DB /* Products */,
				DC77D8F6D82D8CAAAF84BFC7 /* Pods */,
				94D6AC3306FBE82E0910FFF1 /* Frameworks */,
			);
			sourceTree = "<group>";
		};
		ACC35EC62348E378006BA9DB /* Products */ = {
			isa = PBXGroup;
			children = (
				ACC35EC52348E378006BA9DB /* SnapShotSample.app */,
				ACC35EDB2348E37B006BA9DB /* SnapShotSampleTests.xctest */,
				ACC35EE62348E37B006BA9DB /* SnapShotSampleUITests.xctest */,
			);
			name = Products;
			sourceTree = "<group>";
		};
		ACC35EC72348E378006BA9DB /* SnapShotSample */ = {
			isa = PBXGroup;
			children = (
				ACC35EF9234973CF006BA9DB /* Coordinator */,
				ACC35EFE2349749E006BA9DB /* Modules */,
				ACC35F0C23498261006BA9DB /* Repository */,
				ACC35F0D2349828A006BA9DB /* Services */,
				ACC35F21234AA3F7006BA9DB /* Views */,
				ACC35F18234A8E4D006BA9DB /* Models */,
				ACC35EFF23497553006BA9DB /* Utils */,
				ACC35EF82349738C006BA9DB /* Resources */,
				ACC35F0A23497F05006BA9DB /* LoadingView.swift */,
			);
			path = SnapShotSample;
			sourceTree = "<group>";
		};
		ACC35EDE2348E37B006BA9DB /* SnapShotSampleTests */ = {
			isa = PBXGroup;
			children = (
				ACC35EDF2348E37B006BA9DB /* SnapShotSampleTests.swift */,
				ACC35EE12348E37B006BA9DB /* Info.plist */,
			);
			path = SnapShotSampleTests;
			sourceTree = "<group>";
		};
		ACC35EE92348E37B006BA9DB /* SnapShotSampleUITests */ = {
			isa = PBXGroup;
			children = (
				ACC35EEA2348E37B006BA9DB /* SnapShotSampleUITests.swift */,
				ACC35EEC2348E37B006BA9DB /* Info.plist */,
			);
			path = SnapShotSampleUITests;
			sourceTree = "<group>";
		};
		ACC35EF82349738C006BA9DB /* Resources */ = {
			isa = PBXGroup;
			children = (
				ACC35EC82348E378006BA9DB /* AppDelegate.swift */,
				ACC35ED62348E37A006BA9DB /* Info.plist */,
				ACC35ED32348E37A006BA9DB /* LaunchScreen.storyboard */,
				ACC35ECE2348E37A006BA9DB /* Assets.xcassets */,
			);
			path = Resources;
			sourceTree = "<group>";
		};
		ACC35EF9234973CF006BA9DB /* Coordinator */ = {
			isa = PBXGroup;
			children = (
				ACC35EFA23497426006BA9DB /* Coordinator.swift */,
				ACC35EFC23497436006BA9DB /* AppCoordinator.swift */,
			);
			path = Coordinator;
			sourceTree = "<group>";
		};
		ACC35EFE2349749E006BA9DB /* Modules */ = {
			isa = PBXGroup;
			children = (
				ACC35F0523497C48006BA9DB /* FeedViewController.swift */,
				ACC35F0423497C48006BA9DB /* FeedViewModel.swift */,
			);
			path = Modules;
			sourceTree = "<group>";
		};
		ACC35EFF23497553006BA9DB /* Utils */ = {
			isa = PBXGroup;
			children = (
				ACC35F0823497DE2006BA9DB /* UIView+Constraints.swift */,
				ACC35F00234976D5006BA9DB /* Rx + Utils.swift */,
				ACC35F01234976D6006BA9DB /* UIColor + Extensions.swift */,
				ACC35F1D234AA0D2006BA9DB /* Data+Extensions.swift */,
				ACC35F1F234AA17E006BA9DB /* Parser.swift */,
				ACC35F24234AA458006BA9DB /* Reusable.swift */,
				ACC35F27234AD059006BA9DB /* Fonts+Extensions.swift */,
			);
			path = Utils;
			sourceTree = "<group>";
		};
		ACC35F0C23498261006BA9DB /* Repository */ = {
			isa = PBXGroup;
			children = (
				ACC35F0E234982E8006BA9DB /* FeedRepository.swift */,
				ACC35F0F234982E8006BA9DB /* FeedRepositoryImpl.swift */,
			);
			path = Repository;
			sourceTree = "<group>";
		};
		ACC35F0D2349828A006BA9DB /* Services */ = {
			isa = PBXGroup;
			children = (
				ACC35F13234982F8006BA9DB /* FeedRouter.swift */,
				ACC35F14234982F9006BA9DB /* FeedService.swift */,
				ACC35F12234982F8006BA9DB /* FeedServiceImpl.swift */,
			);
			path = Services;
			sourceTree = "<group>";
		};
		ACC35F18234A8E4D006BA9DB /* Models */ = {
			isa = PBXGroup;
			children = (
				ACC35F19234A8E94006BA9DB /* GitRepositoty.swift */,
				ACC35F1B234A9883006BA9DB /* GitRepository.json */,
			);
			path = Models;
			sourceTree = "<group>";
		};
		ACC35F21234AA3F7006BA9DB /* Views */ = {
			isa = PBXGroup;
			children = (
				ACC35F22234AA436006BA9DB /* RepositoryTableViewCell.swift */,
				ACC35F29234AD3EB006BA9DB /* RepositoryTableViewCellViewModel.swift */,
			);
			path = Views;
			sourceTree = "<group>";
		};
		DC77D8F6D82D8CAAAF84BFC7 /* Pods */ = {
			isa = PBXGroup;
			children = (
				BC4968CB0C264E502A0A3678 /* Pods-SnapShotSample.debug.xcconfig */,
				B2461493B410A96E32094197 /* Pods-SnapShotSample.release.xcconfig */,
				9B6AA8A372119CB8F99DAEF3 /* Pods-SnapShotSampleTests.debug.xcconfig */,
				4B9CC852823852A4E95C4822 /* Pods-SnapShotSampleTests.release.xcconfig */,
			);
			path = Pods;
			sourceTree = "<group>";
		};
/* End PBXGroup section */

/* Begin PBXNativeTarget section */
		ACC35EC42348E378006BA9DB /* SnapShotSample */ = {
			isa = PBXNativeTarget;
			buildConfigurationList = ACC35EEF2348E37B006BA9DB /* Build configuration list for PBXNativeTarget "SnapShotSample" */;
			buildPhases = (
				FAD5DECD313F87468E55431A /* [CP] Check Pods Manifest.lock */,
				ACC35EC12348E378006BA9DB /* Sources */,
				ACC35EC22348E378006BA9DB /* Frameworks */,
				ACC35EC32348E378006BA9DB /* Resources */,
				626B41FDAC1798185BEE80E1 /* [CP] Embed Pods Frameworks */,
			);
			buildRules = (
			);
			dependencies = (
			);
			name = SnapShotSample;
			productName = SnapShotSample;
			productReference = ACC35EC52348E378006BA9DB /* SnapShotSample.app */;
			productType = "com.apple.product-type.application";
		};
		ACC35EDA2348E37B006BA9DB /* SnapShotSampleTests */ = {
			isa = PBXNativeTarget;
			buildConfigurationList = ACC35EF22348E37B006BA9DB /* Build configuration list for PBXNativeTarget "SnapShotSampleTests" */;
			buildPhases = (
				4CC29E9434339A8C1ABB5117 /* [CP] Check Pods Manifest.lock */,
				ACC35ED72348E37B006BA9DB /* Sources */,
				ACC35ED82348E37B006BA9DB /* Frameworks */,
				ACC35ED92348E37B006BA9DB /* Resources */,
				2DC7086A90CF64854E7B65CE /* [CP] Embed Pods Frameworks */,
			);
			buildRules = (
			);
			dependencies = (
				ACC35EDD2348E37B006BA9DB /* PBXTargetDependency */,
			);
			name = SnapShotSampleTests;
			productName = SnapShotSampleTests;
			productReference = ACC35EDB2348E37B006BA9DB /* SnapShotSampleTests.xctest */;
			productType = "com.apple.product-type.bundle.unit-test";
		};
		ACC35EE52348E37B006BA9DB /* SnapShotSampleUITests */ = {
			isa = PBXNativeTarget;
			buildConfigurationList = ACC35EF52348E37B006BA9DB /* Build configuration list for PBXNativeTarget "SnapShotSampleUITests" */;
			buildPhases = (
				ACC35EE22348E37B006BA9DB /* Sources */,
				ACC35EE32348E37B006BA9DB /* Frameworks */,
				ACC35EE42348E37B006BA9DB /* Resources */,
			);
			buildRules = (
			);
			dependencies = (
				ACC35EE82348E37B006BA9DB /* PBXTargetDependency */,
			);
			name = SnapShotSampleUITests;
			productName = SnapShotSampleUITests;
			productReference = ACC35EE62348E37B006BA9DB /* SnapShotSampleUITests.xctest */;
			productType = "com.apple.product-type.bundle.ui-testing";
		};
/* End PBXNativeTarget section */

/* Begin PBXProject section */
		ACC35EBD2348E378006BA9DB /* Project object */ = {
			isa = PBXProject;
			attributes = {
				LastSwiftUpdateCheck = 1100;
				LastUpgradeCheck = 1100;
				ORGANIZATIONNAME = "Alexandre  Vassinievski";
				TargetAttributes = {
					ACC35EC42348E378006BA9DB = {
						CreatedOnToolsVersion = 11.0;
					};
					ACC35EDA2348E37B006BA9DB = {
						CreatedOnToolsVersion = 11.0;
						TestTargetID = ACC35EC42348E378006BA9DB;
					};
					ACC35EE52348E37B006BA9DB = {
						CreatedOnToolsVersion = 11.0;
						TestTargetID = ACC35EC42348E378006BA9DB;
					};
				};
			};
			buildConfigurationList = ACC35EC02348E378006BA9DB /* Build configuration list for PBXProject "SnapShotSample" */;
			compatibilityVersion = "Xcode 9.3";
			developmentRegion = en;
			hasScannedForEncodings = 0;
			knownRegions = (
				en,
				Base,
			);
			mainGroup = ACC35EBC2348E378006BA9DB;
			productRefGroup = ACC35EC62348E378006BA9DB /* Products */;
			projectDirPath = "";
			projectRoot = "";
			targets = (
				ACC35EC42348E378006BA9DB /* SnapShotSample */,
				ACC35EDA2348E37B006BA9DB /* SnapShotSampleTests */,
				ACC35EE52348E37B006BA9DB /* SnapShotSampleUITests */,
			);
		};
/* End PBXProject section */

/* Begin PBXResourcesBuildPhase section */
		ACC35EC32348E378006BA9DB /* Resources */ = {
			isa = PBXResourcesBuildPhase;
			buildActionMask = 2147483647;
			files = (
				ACC35ED52348E37A006BA9DB /* LaunchScreen.storyboard in Resources */,
				ACC35ECF2348E37A006BA9DB /* Assets.xcassets in Resources */,
				ACC35F1C234A9883006BA9DB /* GitRepository.json in Resources */,
			);
			runOnlyForDeploymentPostprocessing = 0;
		};
		ACC35ED92348E37B006BA9DB /* Resources */ = {
			isa = PBXResourcesBuildPhase;
			buildActionMask = 2147483647;
			files = (
			);
			runOnlyForDeploymentPostprocessing = 0;
		};
		ACC35EE42348E37B006BA9DB /* Resources */ = {
			isa = PBXResourcesBuildPhase;
			buildActionMask = 2147483647;
			files = (
			);
			runOnlyForDeploymentPostprocessing = 0;
		};
/* End PBXResourcesBuildPhase section */

/* Begin PBXShellScriptBuildPhase section */
		2DC7086A90CF64854E7B65CE /* [CP] Embed Pods Frameworks */ = {
			isa = PBXShellScriptBuildPhase;
			buildActionMask = 2147483647;
			files = (
			);
			inputFileListPaths = (
				"${PODS_ROOT}/Target Support Files/Pods-SnapShotSampleTests/Pods-SnapShotSampleTests-frameworks-${CONFIGURATION}-input-files.xcfilelist",
			);
			name = "[CP] Embed Pods Frameworks";
			outputFileListPaths = (
				"${PODS_ROOT}/Target Support Files/Pods-SnapShotSampleTests/Pods-SnapShotSampleTests-frameworks-${CONFIGURATION}-output-files.xcfilelist",
			);
			runOnlyForDeploymentPostprocessing = 0;
			shellPath = /bin/sh;
			shellScript = "\"${PODS_ROOT}/Target Support Files/Pods-SnapShotSampleTests/Pods-SnapShotSampleTests-frameworks.sh\"\n";
			showEnvVarsInLog = 0;
		};
		4CC29E9434339A8C1ABB5117 /* [CP] Check Pods Manifest.lock */ = {
			isa = PBXShellScriptBuildPhase;
			buildActionMask = 2147483647;
			files = (
			);
			inputFileListPaths = (
			);
			inputPaths = (
				"${PODS_PODFILE_DIR_PATH}/Podfile.lock",
				"${PODS_ROOT}/Manifest.lock",
			);
			name = "[CP] Check Pods Manifest.lock";
			outputFileListPaths = (
			);
			outputPaths = (
				"$(DERIVED_FILE_DIR)/Pods-SnapShotSampleTests-checkManifestLockResult.txt",
			);
			runOnlyForDeploymentPostprocessing = 0;
			shellPath = /bin/sh;
			shellScript = "diff \"${PODS_PODFILE_DIR_PATH}/Podfile.lock\" \"${PODS_ROOT}/Manifest.lock\" > /dev/null\nif [ $? != 0 ] ; then\n    # print error to STDERR\n    echo \"error: The sandbox is not in sync with the Podfile.lock. Run 'pod install' or update your CocoaPods installation.\" >&2\n    exit 1\nfi\n# This output is used by Xcode 'outputs' to avoid re-running this script phase.\necho \"SUCCESS\" > \"${SCRIPT_OUTPUT_FILE_0}\"\n";
			showEnvVarsInLog = 0;
		};
		626B41FDAC1798185BEE80E1 /* [CP] Embed Pods Frameworks */ = {
			isa = PBXShellScriptBuildPhase;
			buildActionMask = 2147483647;
			files = (
			);
			inputFileListPaths = (
				"${PODS_ROOT}/Target Support Files/Pods-SnapShotSample/Pods-SnapShotSample-frameworks-${CONFIGURATION}-input-files.xcfilelist",
			);
			name = "[CP] Embed Pods Frameworks";
			outputFileListPaths = (
				"${PODS_ROOT}/Target Support Files/Pods-SnapShotSample/Pods-SnapShotSample-frameworks-${CONFIGURATION}-output-files.xcfilelist",
			);
			runOnlyForDeploymentPostprocessing = 0;
			shellPath = /bin/sh;
			shellScript = "\"${PODS_ROOT}/Target Support Files/Pods-SnapShotSample/Pods-SnapShotSample-frameworks.sh\"\n";
			showEnvVarsInLog = 0;
		};
		FAD5DECD313F87468E55431A /* [CP] Check Pods Manifest.lock */ = {
			isa = PBXShellScriptBuildPhase;
			buildActionMask = 2147483647;
			files = (
			);
			inputFileListPaths = (
			);
			inputPaths = (
				"${PODS_PODFILE_DIR_PATH}/Podfile.lock",
				"${PODS_ROOT}/Manifest.lock",
			);
			name = "[CP] Check Pods Manifest.lock";
			outputFileListPaths = (
			);
			outputPaths = (
				"$(DERIVED_FILE_DIR)/Pods-SnapShotSample-checkManifestLockResult.txt",
			);
			runOnlyForDeploymentPostprocessing = 0;
			shellPath = /bin/sh;
			shellScript = "diff \"${PODS_PODFILE_DIR_PATH}/Podfile.lock\" \"${PODS_ROOT}/Manifest.lock\" > /dev/null\nif [ $? != 0 ] ; then\n    # print error to STDERR\n    echo \"error: The sandbox is not in sync with the Podfile.lock. Run 'pod install' or update your CocoaPods installation.\" >&2\n    exit 1\nfi\n# This output is used by Xcode 'outputs' to avoid re-running this script phase.\necho \"SUCCESS\" > \"${SCRIPT_OUTPUT_FILE_0}\"\n";
			showEnvVarsInLog = 0;
		};
/* End PBXShellScriptBuildPhase section */

/* Begin PBXSourcesBuildPhase section */
		ACC35EC12348E378006BA9DB /* Sources */ = {
			isa = PBXSourcesBuildPhase;
			buildActionMask = 2147483647;
			files = (
				ACC35F0723497C48006BA9DB /* FeedViewController.swift in Sources */,
				ACC35EFD23497436006BA9DB /* AppCoordinator.swift in Sources */,
				ACC35F28234AD059006BA9DB /* Fonts+Extensions.swift in Sources */,
				ACC35F03234976D6006BA9DB /* UIColor + Extensions.swift in Sources */,
				ACC35F15234982F9006BA9DB /* FeedServiceImpl.swift in Sources */,
				ACC35F10234982E8006BA9DB /* FeedRepository.swift in Sources */,
				ACC35F1E234AA0D2006BA9DB /* Data+Extensions.swift in Sources */,
				ACC35F0623497C48006BA9DB /* FeedViewModel.swift in Sources */,
				ACC35F1A234A8E94006BA9DB /* GitRepositoty.swift in Sources */,
				ACC35F02234976D6006BA9DB /* Rx + Utils.swift in Sources */,
				ACC35F2A234AD3EB006BA9DB /* RepositoryTableViewCellViewModel.swift in Sources */,
				ACC35F23234AA436006BA9DB /* RepositoryTableViewCell.swift in Sources */,
				ACC35F11234982E8006BA9DB /* FeedRepositoryImpl.swift in Sources */,
				ACC35F16234982F9006BA9DB /* FeedRouter.swift in Sources */,
				ACC35F17234982F9006BA9DB /* FeedService.swift in Sources */,
				ACC35EFB23497426006BA9DB /* Coordinator.swift in Sources */,
				ACC35EC92348E378006BA9DB /* AppDelegate.swift in Sources */,
				ACC35F0923497DE3006BA9DB /* UIView+Constraints.swift in Sources */,
				ACC35F25234AA458006BA9DB /* Reusable.swift in Sources */,
				ACC35F20234AA17E006BA9DB /* Parser.swift in Sources */,
				ACC35F0B23497F05006BA9DB /* LoadingView.swift in Sources */,
			);
			runOnlyForDeploymentPostprocessing = 0;
		};
		ACC35ED72348E37B006BA9DB /* Sources */ = {
			isa = PBXSourcesBuildPhase;
			buildActionMask = 2147483647;
			files = (
				ACC35EE02348E37B006BA9DB /* SnapShotSampleTests.swift in Sources */,
			);
			runOnlyForDeploymentPostprocessing = 0;
		};
		ACC35EE22348E37B006BA9DB /* Sources */ = {
			isa = PBXSourcesBuildPhase;
			buildActionMask = 2147483647;
			files = (
				ACC35EEB2348E37B006BA9DB /* SnapShotSampleUITests.swift in Sources */,
			);
			runOnlyForDeploymentPostprocessing = 0;
		};
/* End PBXSourcesBuildPhase section */

/* Begin PBXTargetDependency section */
		ACC35EDD2348E37B006BA9DB /* PBXTargetDependency */ = {
			isa = PBXTargetDependency;
			target = ACC35EC42348E378006BA9DB /* SnapShotSample */;
			targetProxy = ACC35EDC2348E37B006BA9DB /* PBXContainerItemProxy */;
		};
		ACC35EE82348E37B006BA9DB /* PBXTargetDependency */ = {
			isa = PBXTargetDependency;
			target = ACC35EC42348E378006BA9DB /* SnapShotSample */;
			targetProxy = ACC35EE72348E37B006BA9DB /* PBXContainerItemProxy */;
		};
/* End PBXTargetDependency section */

/* Begin PBXVariantGroup section */
		ACC35ED32348E37A006BA9DB /* LaunchScreen.storyboard */ = {
			isa = PBXVariantGroup;
			children = (
				ACC35ED42348E37A006BA9DB /* Base */,
			);
			name = LaunchScreen.storyboard;
			sourceTree = "<group>";
		};
/* End PBXVariantGroup section */

/* Begin XCBuildConfiguration section */
		ACC35EED2348E37B006BA9DB /* Debug */ = {
			isa = XCBuildConfiguration;
			buildSettings = {
				ALWAYS_SEARCH_USER_PATHS = NO;
				CLANG_ANALYZER_NONNULL = YES;
				CLANG_ANALYZER_NUMBER_OBJECT_CONVERSION = YES_AGGRESSIVE;
				CLANG_CXX_LANGUAGE_STANDARD = "gnu++14";
				CLANG_CXX_LIBRARY = "libc++";
				CLANG_ENABLE_MODULES = YES;
				CLANG_ENABLE_OBJC_ARC = YES;
				CLANG_ENABLE_OBJC_WEAK = YES;
				CLANG_WARN_BLOCK_CAPTURE_AUTORELEASING = YES;
				CLANG_WARN_BOOL_CONVERSION = YES;
				CLANG_WARN_COMMA = YES;
				CLANG_WARN_CONSTANT_CONVERSION = YES;
				CLANG_WARN_DEPRECATED_OBJC_IMPLEMENTATIONS = YES;
				CLANG_WARN_DIRECT_OBJC_ISA_USAGE = YES_ERROR;
				CLANG_WARN_DOCUMENTATION_COMMENTS = YES;
				CLANG_WARN_EMPTY_BODY = YES;
				CLANG_WARN_ENUM_CONVERSION = YES;
				CLANG_WARN_INFINITE_RECURSION = YES;
				CLANG_WARN_INT_CONVERSION = YES;
				CLANG_WARN_NON_LITERAL_NULL_CONVERSION = YES;
				CLANG_WARN_OBJC_IMPLICIT_RETAIN_SELF = YES;
				CLANG_WARN_OBJC_LITERAL_CONVERSION = YES;
				CLANG_WARN_OBJC_ROOT_CLASS = YES_ERROR;
				CLANG_WARN_RANGE_LOOP_ANALYSIS = YES;
				CLANG_WARN_STRICT_PROTOTYPES = YES;
				CLANG_WARN_SUSPICIOUS_MOVE = YES;
				CLANG_WARN_UNGUARDED_AVAILABILITY = YES_AGGRESSIVE;
				CLANG_WARN_UNREACHABLE_CODE = YES;
				CLANG_WARN__DUPLICATE_METHOD_MATCH = YES;
				COPY_PHASE_STRIP = NO;
				DEBUG_INFORMATION_FORMAT = dwarf;
				ENABLE_STRICT_OBJC_MSGSEND = YES;
				ENABLE_TESTABILITY = YES;
				GCC_C_LANGUAGE_STANDARD = gnu11;
				GCC_DYNAMIC_NO_PIC = NO;
				GCC_NO_COMMON_BLOCKS = YES;
				GCC_OPTIMIZATION_LEVEL = 0;
				GCC_PREPROCESSOR_DEFINITIONS = (
					"DEBUG=1",
					"$(inherited)",
				);
				GCC_WARN_64_TO_32_BIT_CONVERSION = YES;
				GCC_WARN_ABOUT_RETURN_TYPE = YES_ERROR;
				GCC_WARN_UNDECLARED_SELECTOR = YES;
				GCC_WARN_UNINITIALIZED_AUTOS = YES_AGGRESSIVE;
				GCC_WARN_UNUSED_FUNCTION = YES;
				GCC_WARN_UNUSED_VARIABLE = YES;
				IPHONEOS_DEPLOYMENT_TARGET = 13.0;
				MTL_ENABLE_DEBUG_INFO = INCLUDE_SOURCE;
				MTL_FAST_MATH = YES;
				ONLY_ACTIVE_ARCH = YES;
				SDKROOT = iphoneos;
				SWIFT_ACTIVE_COMPILATION_CONDITIONS = DEBUG;
				SWIFT_OPTIMIZATION_LEVEL = "-Onone";
			};
			name = Debug;
		};
		ACC35EEE2348E37B006BA9DB /* Release */ = {
			isa = XCBuildConfiguration;
			buildSettings = {
				ALWAYS_SEARCH_USER_PATHS = NO;
				CLANG_ANALYZER_NONNULL = YES;
				CLANG_ANALYZER_NUMBER_OBJECT_CONVERSION = YES_AGGRESSIVE;
				CLANG_CXX_LANGUAGE_STANDARD = "gnu++14";
				CLANG_CXX_LIBRARY = "libc++";
				CLANG_ENABLE_MODULES = YES;
				CLANG_ENABLE_OBJC_ARC = YES;
				CLANG_ENABLE_OBJC_WEAK = YES;
				CLANG_WARN_BLOCK_CAPTURE_AUTORELEASING = YES;
				CLANG_WARN_BOOL_CONVERSION = YES;
				CLANG_WARN_COMMA = YES;
				CLANG_WARN_CONSTANT_CONVERSION = YES;
				CLANG_WARN_DEPRECATED_OBJC_IMPLEMENTATIONS = YES;
				CLANG_WARN_DIRECT_OBJC_ISA_USAGE = YES_ERROR;
				CLANG_WARN_DOCUMENTATION_COMMENTS = YES;
				CLANG_WARN_EMPTY_BODY = YES;
				CLANG_WARN_ENUM_CONVERSION = YES;
				CLANG_WARN_INFINITE_RECURSION = YES;
				CLANG_WARN_INT_CONVERSION = YES;
				CLANG_WARN_NON_LITERAL_NULL_CONVERSION = YES;
				CLANG_WARN_OBJC_IMPLICIT_RETAIN_SELF = YES;
				CLANG_WARN_OBJC_LITERAL_CONVERSION = YES;
				CLANG_WARN_OBJC_ROOT_CLASS = YES_ERROR;
				CLANG_WARN_RANGE_LOOP_ANALYSIS = YES;
				CLANG_WARN_STRICT_PROTOTYPES = YES;
				CLANG_WARN_SUSPICIOUS_MOVE = YES;
				CLANG_WARN_UNGUARDED_AVAILABILITY = YES_AGGRESSIVE;
				CLANG_WARN_UNREACHABLE_CODE = YES;
				CLANG_WARN__DUPLICATE_METHOD_MATCH = YES;
				COPY_PHASE_STRIP = NO;
				DEBUG_INFORMATION_FORMAT = "dwarf-with-dsym";
				ENABLE_NS_ASSERTIONS = NO;
				ENABLE_STRICT_OBJC_MSGSEND = YES;
				GCC_C_LANGUAGE_STANDARD = gnu11;
				GCC_NO_COMMON_BLOCKS = YES;
				GCC_WARN_64_TO_32_BIT_CONVERSION = YES;
				GCC_WARN_ABOUT_RETURN_TYPE = YES_ERROR;
				GCC_WARN_UNDECLARED_SELECTOR = YES;
				GCC_WARN_UNINITIALIZED_AUTOS = YES_AGGRESSIVE;
				GCC_WARN_UNUSED_FUNCTION = YES;
				GCC_WARN_UNUSED_VARIABLE = YES;
				IPHONEOS_DEPLOYMENT_TARGET = 13.0;
				MTL_ENABLE_DEBUG_INFO = NO;
				MTL_FAST_MATH = YES;
				SDKROOT = iphoneos;
				SWIFT_COMPILATION_MODE = wholemodule;
				SWIFT_OPTIMIZATION_LEVEL = "-O";
				VALIDATE_PRODUCT = YES;
			};
			name = Release;
		};
		ACC35EF02348E37B006BA9DB /* Debug */ = {
			isa = XCBuildConfiguration;
			baseConfigurationReference = BC4968CB0C264E502A0A3678 /* Pods-SnapShotSample.debug.xcconfig */;
			buildSettings = {
				ASSETCATALOG_COMPILER_APPICON_NAME = AppIcon;
				CODE_SIGN_STYLE = Automatic;
				DEVELOPMENT_TEAM = C2WX94X8CG;
				ENABLE_PREVIEWS = YES;
				INFOPLIST_FILE = "$(SRCROOT)/SnapShotSample/Resources/Info.plist";
				LD_RUNPATH_SEARCH_PATHS = (
					"$(inherited)",
					"@executable_path/Frameworks",
				);
				PRODUCT_BUNDLE_IDENTIFIER = com.vassini.SnapShotSample;
				PRODUCT_NAME = "$(TARGET_NAME)";
				SWIFT_VERSION = 5.0;
				TARGETED_DEVICE_FAMILY = "1,2";
			};
			name = Debug;
		};
		ACC35EF12348E37B006BA9DB /* Release */ = {
			isa = XCBuildConfiguration;
			baseConfigurationReference = B2461493B410A96E32094197 /* Pods-SnapShotSample.release.xcconfig */;
			buildSettings = {
				ASSETCATALOG_COMPILER_APPICON_NAME = AppIcon;
				CODE_SIGN_STYLE = Automatic;
				DEVELOPMENT_TEAM = C2WX94X8CG;
				ENABLE_PREVIEWS = YES;
				INFOPLIST_FILE = "$(SRCROOT)/SnapShotSample/Resources/Info.plist";
				LD_RUNPATH_SEARCH_PATHS = (
					"$(inherited)",
					"@executable_path/Frameworks",
				);
				PRODUCT_BUNDLE_IDENTIFIER = com.vassini.SnapShotSample;
				PRODUCT_NAME = "$(TARGET_NAME)";
				SWIFT_VERSION = 5.0;
				TARGETED_DEVICE_FAMILY = "1,2";
			};
			name = Release;
		};
		ACC35EF32348E37B006BA9DB /* Debug */ = {
			isa = XCBuildConfiguration;
			baseConfigurationReference = 9B6AA8A372119CB8F99DAEF3 /* Pods-SnapShotSampleTests.debug.xcconfig */;
			buildSettings = {
				ALWAYS_EMBED_SWIFT_STANDARD_LIBRARIES = YES;
				BUNDLE_LOADER = "$(TEST_HOST)";
				CODE_SIGN_STYLE = Automatic;
				DEVELOPMENT_TEAM = C2WX94X8CG;
				INFOPLIST_FILE = SnapShotSampleTests/Info.plist;
				IPHONEOS_DEPLOYMENT_TARGET = 13.0;
				LD_RUNPATH_SEARCH_PATHS = (
					"$(inherited)",
					"@executable_path/Frameworks",
					"@loader_path/Frameworks",
				);
				PRODUCT_BUNDLE_IDENTIFIER = com.vassini.SnapShotSampleTests;
				PRODUCT_NAME = "$(TARGET_NAME)";
				SWIFT_VERSION = 5.0;
				TARGETED_DEVICE_FAMILY = "1,2";
				TEST_HOST = "$(BUILT_PRODUCTS_DIR)/SnapShotSample.app/SnapShotSample";
			};
			name = Debug;
		};
		ACC35EF42348E37B006BA9DB /* Release */ = {
			isa = XCBuildConfiguration;
			baseConfigurationReference = 4B9CC852823852A4E95C4822 /* Pods-SnapShotSampleTests.release.xcconfig */;
			buildSettings = {
				ALWAYS_EMBED_SWIFT_STANDARD_LIBRARIES = YES;
				BUNDLE_LOADER = "$(TEST_HOST)";
				CODE_SIGN_STYLE = Automatic;
				DEVELOPMENT_TEAM = C2WX94X8CG;
				INFOPLIST_FILE = SnapShotSampleTests/Info.plist;
				IPHONEOS_DEPLOYMENT_TARGET = 13.0;
				LD_RUNPATH_SEARCH_PATHS = (
					"$(inherited)",
					"@executable_path/Frameworks",
					"@loader_path/Frameworks",
				);
				PRODUCT_BUNDLE_IDENTIFIER = com.vassini.SnapShotSampleTests;
				PRODUCT_NAME = "$(TARGET_NAME)";
				SWIFT_VERSION = 5.0;
				TARGETED_DEVICE_FAMILY = "1,2";
				TEST_HOST = "$(BUILT_PRODUCTS_DIR)/SnapShotSample.app/SnapShotSample";
			};
			name = Release;
		};
		ACC35EF62348E37B006BA9DB /* Debug */ = {
			isa = XCBuildConfiguration;
			buildSettings = {
				ALWAYS_EMBED_SWIFT_STANDARD_LIBRARIES = YES;
				CODE_SIGN_STYLE = Automatic;
				DEVELOPMENT_TEAM = C2WX94X8CG;
				INFOPLIST_FILE = SnapShotSampleUITests/Info.plist;
				LD_RUNPATH_SEARCH_PATHS = (
					"$(inherited)",
					"@executable_path/Frameworks",
					"@loader_path/Frameworks",
				);
				PRODUCT_BUNDLE_IDENTIFIER = com.vassini.SnapShotSampleUITests;
				PRODUCT_NAME = "$(TARGET_NAME)";
				SWIFT_VERSION = 5.0;
				TARGETED_DEVICE_FAMILY = "1,2";
				TEST_TARGET_NAME = SnapShotSample;
			};
			name = Debug;
		};
		ACC35EF72348E37B006BA9DB /* Release */ = {
			isa = XCBuildConfiguration;
			buildSettings = {
				ALWAYS_EMBED_SWIFT_STANDARD_LIBRARIES = YES;
				CODE_SIGN_STYLE = Automatic;
				DEVELOPMENT_TEAM = C2WX94X8CG;
				INFOPLIST_FILE = SnapShotSampleUITests/Info.plist;
				LD_RUNPATH_SEARCH_PATHS = (
					"$(inherited)",
					"@executable_path/Frameworks",
					"@loader_path/Frameworks",
				);
				PRODUCT_BUNDLE_IDENTIFIER = com.vassini.SnapShotSampleUITests;
				PRODUCT_NAME = "$(TARGET_NAME)";
				SWIFT_VERSION = 5.0;
				TARGETED_DEVICE_FAMILY = "1,2";
				TEST_TARGET_NAME = SnapShotSample;
			};
			name = Release;
		};
/* End XCBuildConfiguration section */

/* Begin XCConfigurationList section */
		ACC35EC02348E378006BA9DB /* Build configuration list for PBXProject "SnapShotSample" */ = {
			isa = XCConfigurationList;
			buildConfigurations = (
				ACC35EED2348E37B006BA9DB /* Debug */,
				ACC35EEE2348E37B006BA9DB /* Release */,
			);
			defaultConfigurationIsVisible = 0;
			defaultConfigurationName = Release;
		};
		ACC35EEF2348E37B006BA9DB /* Build configuration list for PBXNativeTarget "SnapShotSample" */ = {
			isa = XCConfigurationList;
			buildConfigurations = (
				ACC35EF02348E37B006BA9DB /* Debug */,
				ACC35EF12348E37B006BA9DB /* Release */,
			);
			defaultConfigurationIsVisible = 0;
			defaultConfigurationName = Release;
		};
		ACC35EF22348E37B006BA9DB /* Build configuration list for PBXNativeTarget "SnapShotSampleTests" */ = {
			isa = XCConfigurationList;
			buildConfigurations = (
				ACC35EF32348E37B006BA9DB /* Debug */,
				ACC35EF42348E37B006BA9DB /* Release */,
			);
			defaultConfigurationIsVisible = 0;
			defaultConfigurationName = Release;
		};
		ACC35EF52348E37B006BA9DB /* Build configuration list for PBXNativeTarget "SnapShotSampleUITests" */ = {
			isa = XCConfigurationList;
			buildConfigurations = (
				ACC35EF62348E37B006BA9DB /* Debug */,
				ACC35EF72348E37B006BA9DB /* Release */,
			);
			defaultConfigurationIsVisible = 0;
			defaultConfigurationName = Release;
		};
/* End XCConfigurationList section */
	};
	rootObject = ACC35EBD2348E378006BA9DB /* Project object */;
}
